// !$*UTF8*$!
{
	archiveVersion = 1;
	classes = {
	};
	objectVersion = 46;
	objects = {

/* Begin PBXBuildFile section */
		90E359BA1EFDAF9B009659E3 /* AppDelegate.swift in Sources */ = {isa = PBXBuildFile; fileRef = 90E359B91EFDAF9B009659E3 /* AppDelegate.swift */; };
		90E359BF1EFDAF9B009659E3 /* Main.storyboard in Resources */ = {isa = PBXBuildFile; fileRef = 90E359BD1EFDAF9B009659E3 /* Main.storyboard */; };
		90E359C11EFDAF9B009659E3 /* Assets.xcassets in Resources */ = {isa = PBXBuildFile; fileRef = 90E359C01EFDAF9B009659E3 /* Assets.xcassets */; };
		90E359C41EFDAF9B009659E3 /* LaunchScreen.storyboard in Resources */ = {isa = PBXBuildFile; fileRef = 90E359C21EFDAF9B009659E3 /* LaunchScreen.storyboard */; };
		90E359CC1EFDB29C009659E3 /* ToDoMainScreen.png in Resources */ = {isa = PBXBuildFile; fileRef = 90E359CB1EFDB29C009659E3 /* ToDoMainScreen.png */; };
		90E359D01EFDB5CC009659E3 /* ToDoTableViewController.swift in Sources */ = {isa = PBXBuildFile; fileRef = 90E359CF1EFDB5CC009659E3 /* ToDoTableViewController.swift */; };
		90E359D21EFDBBAF009659E3 /* ToDoTableViewCell.swift in Sources */ = {isa = PBXBuildFile; fileRef = 90E359D11EFDBBAF009659E3 /* ToDoTableViewCell.swift */; };
		90E359D41EFDC4A9009659E3 /* ToDoViewController.swift in Sources */ = {isa = PBXBuildFile; fileRef = 90E359D31EFDC4A9009659E3 /* ToDoViewController.swift */; };
		90E359D61EFDC650009659E3 /* DisplayNoteViewController.swift in Sources */ = {isa = PBXBuildFile; fileRef = 90E359D51EFDC650009659E3 /* DisplayNoteViewController.swift */; };
		90E359D81EFDCCFC009659E3 /* Notes.swift in Sources */ = {isa = PBXBuildFile; fileRef = 90E359D71EFDCCFC009659E3 /* Notes.swift */; };
/* End PBXBuildFile section */

/* Begin PBXFileReference section */
		90E359B61EFDAF9B009659E3 /* Todo App.app */ = {isa = PBXFileReference; explicitFileType = wrapper.application; includeInIndex = 0; path = "Todo App.app"; sourceTree = BUILT_PRODUCTS_DIR; };
		90E359B91EFDAF9B009659E3 /* AppDelegate.swift */ = {isa = PBXFileReference; lastKnownFileType = sourcecode.swift; path = AppDelegate.swift; sourceTree = "<group>"; };
		90E359BE1EFDAF9B009659E3 /* Base */ = {isa = PBXFileReference; lastKnownFileType = file.storyboard; name = Base; path = Base.lproj/Main.storyboard; sourceTree = "<group>"; };
		90E359C01EFDAF9B009659E3 /* Assets.xcassets */ = {isa = PBXFileReference; lastKnownFileType = folder.assetcatalog; path = Assets.xcassets; sourceTree = "<group>"; };
		90E359C31EFDAF9B009659E3 /* Base */ = {isa = PBXFileReference; lastKnownFileType = file.storyboard; name = Base; path = Base.lproj/LaunchScreen.storyboard; sourceTree = "<group>"; };
		90E359C51EFDAF9B009659E3 /* Info.plist */ = {isa = PBXFileReference; lastKnownFileType = text.plist.xml; path = Info.plist; sourceTree = "<group>"; };
		90E359CB1EFDB29C009659E3 /* ToDoMainScreen.png */ = {isa = PBXFileReference; lastKnownFileType = image.png; name = ToDoMainScreen.png; path = "../../../../../Google Drive/App Designs/ToDoMainScreen.png"; sourceTree = "<group>"; };
		90E359CF1EFDB5CC009659E3 /* ToDoTableViewController.swift */ = {isa = PBXFileReference; fileEncoding = 4; lastKnownFileType = sourcecode.swift; name = ToDoTableViewController.swift; path = ../ToDoTableViewController.swift; sourceTree = "<group>"; };
		90E359D11EFDBBAF009659E3 /* ToDoTableViewCell.swift */ = {isa = PBXFileReference; fileEncoding = 4; lastKnownFileType = sourcecode.swift; path = ToDoTableViewCell.swift; sourceTree = "<group>"; };
		90E359D31EFDC4A9009659E3 /* ToDoViewController.swift */ = {isa = PBXFileReference; fileEncoding = 4; lastKnownFileType = sourcecode.swift; path = ToDoViewController.swift; sourceTree = "<group>"; };
		90E359D51EFDC650009659E3 /* DisplayNoteViewController.swift */ = {isa = PBXFileReference; fileEncoding = 4; lastKnownFileType = sourcecode.swift; path = DisplayNoteViewController.swift; sourceTree = "<group>"; };
		90E359D71EFDCCFC009659E3 /* Notes.swift */ = {isa = PBXFileReference; fileEncoding = 4; lastKnownFileType = sourcecode.swift; path = Notes.swift; sourceTree = "<group>"; };
/* End PBXFileReference section */

/* Begin PBXFrameworksBuildPhase section */
		90E359B31EFDAF9B009659E3 /* Frameworks */ = {
			isa = PBXFrameworksBuildPhase;
			buildActionMask = 2147483647;
			files = (
			);
			runOnlyForDeploymentPostprocessing = 0;
		};
/* End PBXFrameworksBuildPhase section */

/* Begin PBXGroup section */
		90E359AD1EFDAF9B009659E3 = {
			isa = PBXGroup;
			children = (
				90E359B81EFDAF9B009659E3 /* Todo App */,
				90E359B71EFDAF9B009659E3 /* Products */,
			);
			sourceTree = "<group>";
		};
		90E359B71EFDAF9B009659E3 /* Products */ = {
			isa = PBXGroup;
			children = (
				90E359B61EFDAF9B009659E3 /* Todo App.app */,
			);
			name = Products;
			sourceTree = "<group>";
		};
		90E359B81EFDAF9B009659E3 /* Todo App */ = {
			isa = PBXGroup;
			children = (
				90E359B91EFDAF9B009659E3 /* AppDelegate.swift */,
				90E359CF1EFDB5CC009659E3 /* ToDoTableViewController.swift */,
				90E359D71EFDCCFC009659E3 /* Notes.swift */,
				90E359D11EFDBBAF009659E3 /* ToDoTableViewCell.swift */,
				90E359BD1EFDAF9B009659E3 /* Main.storyboard */,
				90E359D51EFDC650009659E3 /* DisplayNoteViewController.swift */,
				90E359D31EFDC4A9009659E3 /* ToDoViewController.swift */,
				90E359CB1EFDB29C009659E3 /* ToDoMainScreen.png */,
				90E359C01EFDAF9B009659E3 /* Assets.xcassets */,
				90E359C21EFDAF9B009659E3 /* LaunchScreen.storyboard */,
				90E359C51EFDAF9B009659E3 /* Info.plist */,
			);
			path = "Todo App";
			sourceTree = "<group>";
		};
/* End PBXGroup section */

/* Begin PBXNativeTarget section */
		90E359B51EFDAF9B009659E3 /* Todo App */ = {
			isa = PBXNativeTarget;
			buildConfigurationList = 90E359C81EFDAF9B009659E3 /* Build configuration list for PBXNativeTarget "Todo App" */;
			buildPhases = (
				90E359B21EFDAF9B009659E3 /* Sources */,
				90E359B31EFDAF9B009659E3 /* Frameworks */,
				90E359B41EFDAF9B009659E3 /* Resources */,
			);
			buildRules = (
			);
			dependencies = (
			);
			name = "Todo App";
			productName = "Todo App";
			productReference = 90E359B61EFDAF9B009659E3 /* Todo App.app */;
			productType = "com.apple.product-type.application";
		};
/* End PBXNativeTarget section */

/* Begin PBXProject section */
		90E359AE1EFDAF9B009659E3 /* Project object */ = {
			isa = PBXProject;
			attributes = {
				LastSwiftUpdateCheck = 0810;
				LastUpgradeCheck = 0810;
				ORGANIZATIONNAME = NarayanProduction;
				TargetAttributes = {
					90E359B51EFDAF9B009659E3 = {
						CreatedOnToolsVersion = 8.1;
						DevelopmentTeam = G3KSP4Z87W;
						ProvisioningStyle = Automatic;
					};
				};
			};
			buildConfigurationList = 90E359B11EFDAF9B009659E3 /* Build configuration list for PBXProject "Todo App" */;
			compatibilityVersion = "Xcode 3.2";
			developmentRegion = English;
			hasScannedForEncodings = 0;
			knownRegions = (
				en,
				Base,
			);
			mainGroup = 90E359AD1EFDAF9B009659E3;
			productRefGroup = 90E359B71EFDAF9B009659E3 /* Products */;
			projectDirPath = "";
			projectRoot = "";
			targets = (
				90E359B51EFDAF9B009659E3 /* Todo App */,
			);
		};
/* End PBXProject section */

/* Begin PBXResourcesBuildPhase section */
		90E359B41EFDAF9B009659E3 /* Resources */ = {
			isa = PBXResourcesBuildPhase;
			buildActionMask = 2147483647;
			files = (
				90E359CC1EFDB29C009659E3 /* ToDoMainScreen.png in Resources */,
				90E359C41EFDAF9B009659E3 /* LaunchScreen.storyboard in Resources */,
				90E359C11EFDAF9B009659E3 /* Assets.xcassets in Resources */,
				90E359BF1EFDAF9B009659E3 /* Main.storyboard in Resources */,
			);
			runOnlyForDeploymentPostprocessing = 0;
		};
/* End PBXResourcesBuildPhase section */

/* Begin PBXSourcesBuildPhase section */
		90E359B21EFDAF9B009659E3 /* Sources */ = {
			isa = PBXSourcesBuildPhase;
			buildActionMask = 2147483647;
			files = (
				90E359D41EFDC4A9009659E3 /* ToDoViewController.swift in Sources */,
				90E359D01EFDB5CC009659E3 /* ToDoTableViewController.swift in Sources */,
				90E359BA1EFDAF9B009659E3 /* AppDelegate.swift in Sources */,
				90E359D61EFDC650009659E3 /* DisplayNoteViewController.swift in Sources */,
				90E359D21EFDBBAF009659E3 /* ToDoTableViewCell.swift in Sources */,
				90E359D81EFDCCFC009659E3 /* Notes.swift in Sources */,
			);
			runOnlyForDeploymentPostprocessing = 0;
		};
/* End PBXSourcesBuildPhase section */

/* Begin PBXVariantGroup section */
		90E359BD1EFDAF9B009659E3 /* Main.storyboard */ = {
			isa = PBXVariantGroup;
			children = (
				90E359BE1EFDAF9B009659E3 /* Base */,
			);
			name = Main.storyboard;
			sourceTree = "<group>";
		};
		90E359C21EFDAF9B009659E3 /* LaunchScreen.storyboard */ = {
			isa = PBXVariantGroup;
			children = (
				90E359C31EFDAF9B009659E3 /* Base */,
			);
			name = LaunchScreen.storyboard;
			sourceTree = "<group>";
		};
/* End PBXVariantGroup section */

/* Begin XCBuildConfiguration section */
		90E359C61EFDAF9B009659E3 /* Debug */ = {
			isa = XCBuildConfiguration;
			buildSettings = {
				ALWAYS_SEARCH_USER_PATHS = NO;
				CLANG_ANALYZER_NONNULL = YES;
				CLANG_CXX_LANGUAGE_STANDARD = "gnu++0x";
				CLANG_CXX_LIBRARY = "libc++";
				CLANG_ENABLE_MODULES = YES;
				CLANG_ENABLE_OBJC_ARC = YES;
				CLANG_WARN_BOOL_CONVERSION = YES;
				CLANG_WARN_CONSTANT_CONVERSION = YES;
				CLANG_WARN_DIRECT_OBJC_ISA_USAGE = YES_ERROR;
				CLANG_WARN_DOCUMENTATION_COMMENTS = YES;
				CLANG_WARN_EMPTY_BODY = YES;
				CLANG_WARN_ENUM_CONVERSION = YES;
				CLANG_WARN_INFINITE_RECURSION = YES;
				CLANG_WARN_INT_CONVERSION = YES;
				CLANG_WARN_OBJC_ROOT_CLASS = YES_ERROR;
				CLANG_WARN_SUSPICIOUS_MOVES = YES;
				CLANG_WARN_UNREACHABLE_CODE = YES;
				CLANG_WARN__DUPLICATE_METHOD_MATCH = YES;
				"CODE_SIGN_IDENTITY[sdk=iphoneos*]" = "iPhone Developer";
				COPY_PHASE_STRIP = NO;
				DEBUG_INFORMATION_FORMAT = dwarf;
				ENABLE_STRICT_OBJC_MSGSEND = YES;
				ENABLE_TESTABILITY = YES;
				GCC_C_LANGUAGE_STANDARD = gnu99;
				GCC_DYNAMIC_NO_PIC = NO;
				GCC_NO_COMMON_BLOCKS = YES;
				GCC_OPTIMIZATION_LEVEL = 0;
				GCC_PREPROCESSOR_DEFINITIONS = (
					"DEBUG=1",
					"$(inherited)",
				);
				GCC_WARN_64_TO_32_BIT_CONVERSION = YES;
				GCC_WARN_ABOUT_RETURN_TYPE = YES_ERROR;
				GCC_WARN_UNDECLARED_SELECTOR = YES;
				GCC_WARN_UNINITIALIZED_AUTOS = YES_AGGRESSIVE;
				GCC_WARN_UNUSED_FUNCTION = YES;
				GCC_WARN_UNUSED_VARIABLE = YES;
				IPHONEOS_DEPLOYMENT_TARGET = 10.1;
				MTL_ENABLE_DEBUG_INFO = YES;
				ONLY_ACTIVE_ARCH = YES;
				SDKROOT = iphoneos;
				SWIFT_ACTIVE_COMPILATION_CONDITIONS = DEBUG;
				SWIFT_OPTIMIZATION_LEVEL = "-Onone";
				TARGETED_DEVICE_FAMILY = "1,2";
			};
			name = Debug;
		};
		90E359C71EFDAF9B009659E3 /* Release */ = {
			isa = XCBuildConfiguration;
			buildSettings = {
				ALWAYS_SEARCH_USER_PATHS = NO;
				CLANG_ANALYZER_NONNULL = YES;
				CLANG_CXX_LANGUAGE_STANDARD = "gnu++0x";
				CLANG_CXX_LIBRARY = "libc++";
				CLANG_ENABLE_MODULES = YES;
				CLANG_ENABLE_OBJC_ARC = YES;
				CLANG_WARN_BOOL_CONVERSION = YES;
				CLANG_WARN_CONSTANT_CONVERSION = YES;
				CLANG_WARN_DIRECT_OBJC_ISA_USAGE = YES_ERROR;
				CLANG_WARN_DOCUMENTATION_COMMENTS = YES;
				CLANG_WARN_EMPTY_BODY = YES;
				CLANG_WARN_ENUM_CONVERSION = YES;
				CLANG_WARN_INFINITE_RECURSION = YES;
				CLANG_WARN_INT_CONVERSION = YES;
				CLANG_WARN_OBJC_ROOT_CLASS = YES_ERROR;
				CLANG_WARN_SUSPICIOUS_MOVES = YES;
				CLANG_WARN_UNREACHABLE_CODE = YES;
				CLANG_WARN__DUPLICATE_METHOD_MATCH = YES;
				"CODE_SIGN_IDENTITY[sdk=iphoneos*]" = "iPhone Developer";
				COPY_PHASE_STRIP = NO;
				DEBUG_INFORMATION_FORMAT = "dwarf-with-dsym";
				ENABLE_NS_ASSERTIONS = NO;
				ENABLE_STRICT_OBJC_MSGSEND = YES;
				GCC_C_LANGUAGE_STANDARD = gnu99;
				GCC_NO_COMMON_BLOCKS = YES;
				GCC_WARN_64_TO_32_BIT_CONVERSION = YES;
				GCC_WARN_ABOUT_RETURN_TYPE = YES_ERROR;
				GCC_WARN_UNDECLARED_SELECTOR = YES;
				GCC_WARN_UNINITIALIZED_AUTOS = YES_AGGRESSIVE;
				GCC_WARN_UNUSED_FUNCTION = YES;
				GCC_WARN_UNUSED_VARIABLE = YES;
				IPHONEOS_DEPLOYMENT_TARGET = 10.1;
				MTL_ENABLE_DEBUG_INFO = NO;
				SDKROOT = iphoneos;
				SWIFT_OPTIMIZATION_LEVEL = "-Owholemodule";
				TARGETED_DEVICE_FAMILY = "1,2";
				VALIDATE_PRODUCT = YES;
			};
			name = Release;
		};
		90E359C91EFDAF9B009659E3 /* Debug */ = {
			isa = XCBuildConfiguration;
			buildSettings = {
				ASSETCATALOG_COMPILER_APPICON_NAME = AppIcon;
				DEVELOPMENT_TEAM = G3KSP4Z87W;
				INFOPLIST_FILE = "Todo App/Info.plist";
				LD_RUNPATH_SEARCH_PATHS = "$(inherited) @executable_path/Frameworks";
				PRODUCT_BUNDLE_IDENTIFIER = "com.NarayanProduction.Todo-App";
				PRODUCT_NAME = "$(TARGET_NAME)";
				SWIFT_VERSION = 3.0;
			};
			name = Debug;
		};
		90E359CA1EFDAF9B009659E3 /* Release */ = {
			isa = XCBuildConfiguration;
			buildSettings = {
				ASSETCATALOG_COMPILER_APPICON_NAME = AppIcon;
				DEVELOPMENT_TEAM = G3KSP4Z87W;
				INFOPLIST_FILE = "Todo App/Info.plist";
				LD_RUNPATH_SEARCH_PATHS = "$(inherited) @executable_path/Frameworks";
				PRODUCT_BUNDLE_IDENTIFIER = "com.NarayanProduction.Todo-App";
				PRODUCT_NAME = "$(TARGET_NAME)";
				SWIFT_VERSION = 3.0;
			};
			name = Release;
		};
/* End XCBuildConfiguration section */

/* Begin XCConfigurationList section */
		90E359B11EFDAF9B009659E3 /* Build configuration list for PBXProject "Todo App" */ = {
			isa = XCConfigurationList;
			buildConfigurations = (
				90E359C61EFDAF9B009659E3 /* Debug */,
				90E359C71EFDAF9B009659E3 /* Release */,
			);
			defaultConfigurationIsVisible = 0;
			defaultConfigurationName = Release;
		};
		90E359C81EFDAF9B009659E3 /* Build configuration list for PBXNativeTarget "Todo App" */ = {
			isa = XCConfigurationList;
			buildConfigurations = (
				90E359C91EFDAF9B009659E3 /* Debug */,
				90E359CA1EFDAF9B009659E3 /* Release */,
			);
			defaultConfigurationIsVisible = 0;
		};
/* End XCConfigurationList section */
	};
	rootObject = 90E359AE1EFDAF9B009659E3 /* Project object */;
}
